
Microsoft Visual Studio Solution File, Format Version 12.00
# Visual Studio Version 17
VisualStudioVersion = 17.10.35004.147
MinimumVisualStudioVersion = 10.0.40219.1
Project("{FAE04EC0-301F-11D3-BF4B-00C04F79EFBC}") = "QuickTimeParser", "QuickTimeParser.csproj", "{1D6E1D12-D8DA-40EA-85BC-ED2765728064}"
EndProject
Global
	GlobalSection(SolutionConfigurationPlatforms) = preSolution
		Debug|Any CPU = Debug|Any CPU
		Release|Any CPU = Release|Any CPU
	EndGlobalSection
	GlobalSection(ProjectConfigurationPlatforms) = postSolution
		{1D6E1D12-D8DA-40EA-85BC-ED2765728064}.Debug|Any CPU.ActiveCfg = Debug|Any CPU
		{1D6E1D12-D8DA-40EA-85BC-ED2765728064}.Debug|Any CPU.Build.0 = Debug|Any CPU
		{1D6E1D12-D8DA-40EA-85BC-ED2765728064}.Release|Any CPU.ActiveCfg = Release|Any CPU
		{1D6E1D12-D8DA-40EA-85BC-ED2765728064}.Release|Any CPU.Build.0 = Release|Any CPU
	EndGlobalSection
	GlobalSection(SolutionProperties) = preSolution
		HideSolutionNode = FALSE
	EndGlobalSection
	GlobalSection(ExtensibilityGlobals) = postSolution
		SolutionGuid = {EDD6DA4D-CE68-4F92-8879-BAA259E13FCF}
	EndGlobalSection
EndGlobal
